
Microsoft Visual Studio Solution File, Format Version 12.00
# Visual Studio Version 17
VisualStudioVersion = 17.9.34622.214
MinimumVisualStudioVersion = 10.0.40219.1
Project("{9A19103F-16F7-4668-BE54-9A1E7A4F7556}") = "MusicAndReaction.Server", "MusicAndReaction.Server\MusicAndReaction.Server.csproj", "{660D26C7-910D-4E72-B43F-D0B72F93F527}"
EndProject
Project("{54A90642-561A-4BB1-A94E-469ADEE60C69}") = "musicandreaction.client", "musicandreaction.client\musicandreaction.client.esproj", "{6F0FBB6A-7154-4ED7-A2FC-105A299B661A}"
EndProject
Global
	GlobalSection(SolutionConfigurationPlatforms) = preSolution
		Debug|Any CPU = Debug|Any CPU
		Release|Any CPU = Release|Any CPU
	EndGlobalSection
	GlobalSection(ProjectConfigurationPlatforms) = postSolution
		{660D26C7-910D-4E72-B43F-D0B72F93F527}.Debug|Any CPU.ActiveCfg = Release|Any CPU
		{660D26C7-910D-4E72-B43F-D0B72F93F527}.Debug|Any CPU.Build.0 = Release|Any CPU
		{660D26C7-910D-4E72-B43F-D0B72F93F527}.Release|Any CPU.ActiveCfg = Release|Any CPU
		{660D26C7-910D-4E72-B43F-D0B72F93F527}.Release|Any CPU.Build.0 = Release|Any CPU
		{6F0FBB6A-7154-4ED7-A2FC-105A299B661A}.Debug|Any CPU.ActiveCfg = Release|Any CPU
		{6F0FBB6A-7154-4ED7-A2FC-105A299B661A}.Debug|Any CPU.Build.0 = Release|Any CPU
		{6F0FBB6A-7154-4ED7-A2FC-105A299B661A}.Debug|Any CPU.Deploy.0 = Release|Any CPU
		{6F0FBB6A-7154-4ED7-A2FC-105A299B661A}.Release|Any CPU.ActiveCfg = Release|Any CPU
		{6F0FBB6A-7154-4ED7-A2FC-105A299B661A}.Release|Any CPU.Build.0 = Release|Any CPU
		{6F0FBB6A-7154-4ED7-A2FC-105A299B661A}.Release|Any CPU.Deploy.0 = Release|Any CPU
	EndGlobalSection
	GlobalSection(SolutionProperties) = preSolution
		HideSolutionNode = FALSE
	EndGlobalSection
	GlobalSection(ExtensibilityGlobals) = postSolution
		SolutionGuid = {D381FFB5-1748-4971-B0C6-22141C0E9F59}
	EndGlobalSection
EndGlobal
